
Microsoft Visual Studio Solution File, Format Version 12.00
# Visual Studio Version 17
VisualStudioVersion = 17.8.34322.80
MinimumVisualStudioVersion = 10.0.40219.1
Project("{FAE04EC0-301F-11D3-BF4B-00C04F79EFBC}") = "GWACalculator", "GWACalculator.csproj", "{DD70695A-E371-4229-AD27-02030B46D294}"
EndProject
Global
	GlobalSection(SolutionConfigurationPlatforms) = preSolution
		Debug|Any CPU = Debug|Any CPU
		Release|Any CPU = Release|Any CPU
	EndGlobalSection
	GlobalSection(ProjectConfigurationPlatforms) = postSolution
		{DD70695A-E371-4229-AD27-02030B46D294}.Debug|Any CPU.ActiveCfg = Debug|Any CPU
		{DD70695A-E371-4229-AD27-02030B46D294}.Debug|Any CPU.Build.0 = Debug|Any CPU
		{DD70695A-E371-4229-AD27-02030B46D294}.Release|Any CPU.ActiveCfg = Release|Any CPU
		{DD70695A-E371-4229-AD27-02030B46D294}.Release|Any CPU.Build.0 = Release|Any CPU
	EndGlobalSection
	GlobalSection(SolutionProperties) = preSolution
		HideSolutionNode = FALSE
	EndGlobalSection
	GlobalSection(ExtensibilityGlobals) = postSolution
		SolutionGuid = {BE7A7BF0-04F4-4D19-8349-33F45DEC147A}
	EndGlobalSection
EndGlobal
